
Microsoft Visual Studio Solution File, Format Version 12.00
# Visual Studio Version 17
VisualStudioVersion = 17.3.32611.2
MinimumVisualStudioVersion = 10.0.40219.1
Project("{FAE04EC0-301F-11D3-BF4B-00C04F79EFBC}") = "Ksiegarnia", "Ksiegarnia.csproj", "{6A60ABA7-FAAE-4F8C-9459-8801CCFD4E73}"
EndProject
Global
	GlobalSection(SolutionConfigurationPlatforms) = preSolution
		Debug|Any CPU = Debug|Any CPU
		Release|Any CPU = Release|Any CPU
	EndGlobalSection
	GlobalSection(ProjectConfigurationPlatforms) = postSolution
		{6A60ABA7-FAAE-4F8C-9459-8801CCFD4E73}.Debug|Any CPU.ActiveCfg = Debug|Any CPU
		{6A60ABA7-FAAE-4F8C-9459-8801CCFD4E73}.Debug|Any CPU.Build.0 = Debug|Any CPU
		{6A60ABA7-FAAE-4F8C-9459-8801CCFD4E73}.Release|Any CPU.ActiveCfg = Release|Any CPU
		{6A60ABA7-FAAE-4F8C-9459-8801CCFD4E73}.Release|Any CPU.Build.0 = Release|Any CPU
	EndGlobalSection
	GlobalSection(SolutionProperties) = preSolution
		HideSolutionNode = FALSE
	EndGlobalSection
	GlobalSection(ExtensibilityGlobals) = postSolution
		SolutionGuid = {18F8651A-5F9E-48AC-BAC2-48DEC09B47E9}
	EndGlobalSection
EndGlobal
